
Microsoft Visual Studio Solution File, Format Version 12.00
# Visual Studio Version 16
VisualStudioVersion = 16.0.30907.101
MinimumVisualStudioVersion = 10.0.40219.1
Project("{9A19103F-16F7-4668-BE54-9A1E7A4F7556}") = "AWS-Stream-Chat", "AWS-Stream-Chat.csproj", "{12342665-98C4-42AF-A796-98330046D5D2}"
EndProject
Global
	GlobalSection(SolutionConfigurationPlatforms) = preSolution
		Debug|Any CPU = Debug|Any CPU
		Release|Any CPU = Release|Any CPU
	EndGlobalSection
	GlobalSection(ProjectConfigurationPlatforms) = postSolution
		{12342665-98C4-42AF-A796-98330046D5D2}.Debug|Any CPU.ActiveCfg = Debug|Any CPU
		{12342665-98C4-42AF-A796-98330046D5D2}.Debug|Any CPU.Build.0 = Debug|Any CPU
		{12342665-98C4-42AF-A796-98330046D5D2}.Release|Any CPU.ActiveCfg = Release|Any CPU
		{12342665-98C4-42AF-A796-98330046D5D2}.Release|Any CPU.Build.0 = Release|Any CPU
	EndGlobalSection
	GlobalSection(SolutionProperties) = preSolution
		HideSolutionNode = FALSE
	EndGlobalSection
	GlobalSection(ExtensibilityGlobals) = postSolution
		SolutionGuid = {D285BD96-20A2-4691-BE4E-6B2A4D52B578}
	EndGlobalSection
EndGlobal
